{
  "version": 4,
  "terraform_version": "1.7.5",
  "serial": 8,
  "lineage": "19347d09-4f4d-e2ec-c839-908800f56128",
  "outputs": {},
  "resources": [
    {
      "mode": "managed",
      "type": "aws_instance",
      "name": "arma_server_tf",
      "provider": "provider[\"registry.terraform.io/hashicorp/aws\"]",
      "instances": [
        {
          "status": "tainted",
          "schema_version": 1,
          "attributes": {
            "ami": "ami-07d9b9ddc6cd8dd30",
            "arn": "arn:aws:ec2:us-east-1:868957254485:instance/i-0722bfc1a27f34f8a",
            "associate_public_ip_address": true,
            "availability_zone": "us-east-1c",
            "capacity_reservation_specification": [
              {
                "capacity_reservation_preference": "open",
                "capacity_reservation_target": []
              }
            ],
            "cpu_core_count": 1,
            "cpu_options": [
              {
                "amd_sev_snp": "",
                "core_count": 1,
                "threads_per_core": 1
              }
            ],
            "cpu_threads_per_core": 1,
            "credit_specification": [
              {
                "cpu_credits": "standard"
              }
            ],
            "disable_api_stop": false,
            "disable_api_termination": false,
            "ebs_block_device": [],
            "ebs_optimized": false,
            "enclave_options": [
              {
                "enabled": false
              }
            ],
            "ephemeral_block_device": [],
            "get_password_data": false,
            "hibernation": false,
            "host_id": "",
            "host_resource_group_arn": null,
            "iam_instance_profile": "",
            "id": "i-0722bfc1a27f34f8a",
            "instance_initiated_shutdown_behavior": "stop",
            "instance_state": "running",
            "instance_type": "t2.micro",
            "ipv6_address_count": 0,
            "ipv6_addresses": [],
            "key_name": "ec2-ssh-keypair",
            "launch_template": [],
            "maintenance_options": [
              {
                "auto_recovery": "default"
              }
            ],
            "metadata_options": [
              {
                "http_endpoint": "enabled",
                "http_put_response_hop_limit": 1,
                "http_tokens": "optional",
                "instance_metadata_tags": "disabled"
              }
            ],
            "monitoring": false,
            "network_interface": [],
            "outpost_arn": "",
            "password_data": "",
            "placement_group": "",
            "placement_partition_number": 0,
            "primary_network_interface_id": "eni-01360f00786f1f99f",
            "private_dns": "ip-172-31-88-78.ec2.internal",
            "private_dns_name_options": [
              {
                "enable_resource_name_dns_a_record": false,
                "enable_resource_name_dns_aaaa_record": false,
                "hostname_type": "ip-name"
              }
            ],
            "private_ip": "172.31.88.78",
            "public_dns": "ec2-54-82-153-124.compute-1.amazonaws.com",
            "public_ip": "54.82.153.124",
            "root_block_device": [
              {
                "delete_on_termination": true,
                "device_name": "/dev/sda1",
                "encrypted": false,
                "iops": 100,
                "kms_key_id": "",
                "tags": {},
                "throughput": 0,
                "volume_id": "vol-0a18408fc8573c2df",
                "volume_size": 8,
                "volume_type": "gp2"
              }
            ],
            "secondary_private_ips": [],
            "security_groups": [
              "default"
            ],
            "source_dest_check": true,
            "subnet_id": "subnet-03b3152f75aafeaa3",
            "tags": {
              "Build_Type": "terraform",
              "Name": "Acorn's Arma Server DEV TERRAFORM"
            },
            "tags_all": {
              "Build_Type": "terraform",
              "Name": "Acorn's Arma Server DEV TERRAFORM"
            },
            "tenancy": "default",
            "timeouts": null,
            "user_data": "c8b8118ce550c41ab00135c2d79835a81d4de1c9",
            "user_data_base64": null,
            "user_data_replace_on_change": false,
            "volume_tags": null,
            "vpc_security_group_ids": [
              "sg-08f2c43feff2ecc37"
            ]
          },
          "sensitive_attributes": [],
          "private": "eyJlMmJmYjczMC1lY2FhLTExZTYtOGY4OC0zNDM2M2JjN2M0YzAiOnsiY3JlYXRlIjo2MDAwMDAwMDAwMDAsImRlbGV0ZSI6MTIwMDAwMDAwMDAwMCwidXBkYXRlIjo2MDAwMDAwMDAwMDB9LCJzY2hlbWFfdmVyc2lvbiI6IjEifQ=="
        }
      ]
    },
    {
      "mode": "managed",
      "type": "aws_key_pair",
      "name": "deployer",
      "provider": "provider[\"registry.terraform.io/hashicorp/aws\"]",
      "instances": [
        {
          "schema_version": 1,
          "attributes": {
            "arn": "arn:aws:ec2:us-east-1:868957254485:key-pair/ec2-ssh-keypair",
            "fingerprint": "2d:13:db:20:37:fd:62:db:7b:90:21:0f:2c:1d:62:2b",
            "id": "ec2-ssh-keypair",
            "key_name": "ec2-ssh-keypair",
            "key_name_prefix": "",
            "key_pair_id": "key-0e405656f5d98ceda",
            "key_type": "rsa",
            "public_key": "ssh-rsa AAAAB3NzaC1yc2EAAAADAQABAAABAQDjKf8Y5BWruZ7WycpyyS1u6an5ULBq/eJePd9GeIP63dna1giBaYvvNuhkaLvQef+u5Hx6/YF9QpyXcXZqHG8ys4eQCKMPr0ajyZqHVoEakTczL+upLpJgfcir486wRDxaXPKtrwglztFEAh9imXiNMjEZ2fk7wV/RHd+jrObFH3eTRiVkMghT5Ek0JnFexG7QZ8/kslnM78EUs8ZBcTtoUB+tS7mWdIkP7cEOjA/Pv815KzmCtmDFeRYhH3HOLEE0TEN+gfDl7rsDTvwM8g4/rfgldjU5THCuLixqp6pZ/PQF1gtSaztQ94WUbBJBrnbaO+PBtweBJ5cNEE3DKhih adam@Acorn",
            "tags": {},
            "tags_all": {}
          },
          "sensitive_attributes": [],
          "private": "eyJzY2hlbWFfdmVyc2lvbiI6IjEifQ=="
        }
      ]
    }
  ],
  "check_results": null
}
