{
  "version": 4,
  "terraform_version": "1.7.4",
  "serial": 90,
  "lineage": "19347d09-4f4d-e2ec-c839-908800f56128",
  "outputs": {},
  "resources": [
    {
      "module": "module.s3",
      "mode": "managed",
      "type": "aws_s3_bucket",
      "name": "cst-resources",
      "provider": "provider[\"registry.terraform.io/hashicorp/aws\"]",
      "instances": [
        {
          "schema_version": 0,
          "attributes": {
            "acceleration_status": "",
            "acl": null,
            "arn": "arn:aws:s3:::cst-resources",
            "bucket": "cst-resources",
            "bucket_domain_name": "cst-resources.s3.amazonaws.com",
            "bucket_prefix": "",
            "bucket_regional_domain_name": "cst-resources.s3.amazonaws.com",
            "cors_rule": [],
            "force_destroy": false,
            "grant": [
              {
                "id": "eae3a7db7e7bdf18e3b0f87bebcdaf1e3b4d965d6d542f5d8ce4ece51b8e46a3",
                "permissions": [
                  "FULL_CONTROL"
                ],
                "type": "CanonicalUser",
                "uri": ""
              }
            ],
            "hosted_zone_id": "Z3AQBSTGFYJSTF",
            "id": "cst-resources",
            "lifecycle_rule": [],
            "logging": [],
            "object_lock_configuration": [],
            "object_lock_enabled": false,
            "policy": "",
            "region": "us-east-1",
            "replication_configuration": [],
            "request_payer": "BucketOwner",
            "server_side_encryption_configuration": [
              {
                "rule": [
                  {
                    "apply_server_side_encryption_by_default": [
                      {
                        "kms_master_key_id": "",
                        "sse_algorithm": "AES256"
                      }
                    ],
                    "bucket_key_enabled": false
                  }
                ]
              }
            ],
            "tags": {
              "BucketName": "cst-resources",
              "Owner": "Acorn",
              "Project": "Cloud Server Tool",
              "ProjectPurpose": "Spin up game servers",
              "Purpose": "Store CST Resources"
            },
            "tags_all": {
              "BucketName": "cst-resources",
              "Owner": "Acorn",
              "Project": "Cloud Server Tool",
              "ProjectPurpose": "Spin up game servers",
              "Purpose": "Store CST Resources"
            },
            "timeouts": null,
            "versioning": [
              {
                "enabled": false,
                "mfa_delete": false
              }
            ],
            "website": [],
            "website_domain": null,
            "website_endpoint": null
          },
          "sensitive_attributes": [],
          "private": "eyJlMmJmYjczMC1lY2FhLTExZTYtOGY4OC0zNDM2M2JjN2M0YzAiOnsiY3JlYXRlIjoxMjAwMDAwMDAwMDAwLCJkZWxldGUiOjM2MDAwMDAwMDAwMDAsInJlYWQiOjEyMDAwMDAwMDAwMDAsInVwZGF0ZSI6MTIwMDAwMDAwMDAwMH19"
        }
      ]
    }
  ],
  "check_results": null
}
