# This file is automatically @generated by Poetry 2.0.1 and should not be changed by hand.

[[package]]
name = "astroid"
version = "3.3.8"
description = "An abstract syntax tree for Python with inference support."
optional = false
python-versions = ">=3.9.0"
groups = ["main", "dev"]
files = [
    {file = "astroid-3.3.8-py3-none-any.whl", hash = "sha256:187ccc0c248bfbba564826c26f070494f7bc964fd286b6d9fff4420e55de828c"},
    {file = "astroid-3.3.8.tar.gz", hash = "sha256:a88c7994f914a4ea8572fac479459f4955eeccc877be3f2d959a33273b0cf40b"},
]

[[package]]
name = "colorama"
version = "0.4.6"
description = "Cross-platform colored terminal text."
optional = false
python-versions = "!=3.0.*,!=3.1.*,!=3.2.*,!=3.3.*,!=3.4.*,!=3.5.*,!=3.6.*,>=2.7"
groups = ["main", "dev"]
markers = "sys_platform == \"win32\""
files = [
    {file = "colorama-0.4.6-py2.py3-none-any.whl", hash = "sha256:4f1d9991f5acc0ca119f9d443620b77f9d6b33703e51011c16baf57afb285fc6"},
    {file = "colorama-0.4.6.tar.gz", hash = "sha256:08695f5cb7ed6e0531a20572697297273c47b8cae5a63ffc6d6ed5c201be6e44"},
]

[[package]]
name = "dill"
version = "0.3.9"
description = "serialize all of Python"
optional = false
python-versions = ">=3.8"
groups = ["main", "dev"]
files = [
    {file = "dill-0.3.9-py3-none-any.whl", hash = "sha256:468dff3b89520b474c0397703366b7b95eebe6303f108adf9b19da1f702be87a"},
    {file = "dill-0.3.9.tar.gz", hash = "sha256:81aa267dddf68cbfe8029c42ca9ec6a4ab3b22371d1c450abc54422577b4512c"},
]

[package.extras]
graph = ["objgraph (>=1.7.2)"]
profile = ["gprof2dot (>=2022.7.29)"]

[[package]]
name = "iniconfig"
version = "2.0.0"
description = "brain-dead simple config-ini parsing"
optional = false
python-versions = ">=3.7"
groups = ["main", "dev"]
files = [
    {file = "iniconfig-2.0.0-py3-none-any.whl", hash = "sha256:b6a85871a79d2e3b22d2d1b94ac2824226a63c6b741c88f7ae975f18b6778374"},
    {file = "iniconfig-2.0.0.tar.gz", hash = "sha256:2d91e135bf72d31a410b17c16da610a82cb55f6b0477d1a902134b24a455b8b3"},
]

[[package]]
name = "isort"
version = "6.0.0"
description = "A Python utility / library to sort Python imports."
optional = false
python-versions = ">=3.9.0"
groups = ["main", "dev"]
files = [
    {file = "isort-6.0.0-py3-none-any.whl", hash = "sha256:567954102bb47bb12e0fae62606570faacddd441e45683968c8d1734fb1af892"},
    {file = "isort-6.0.0.tar.gz", hash = "sha256:75d9d8a1438a9432a7d7b54f2d3b45cad9a4a0fdba43617d9873379704a8bdf1"},
]

[package.extras]
colors = ["colorama"]
plugins = ["setuptools"]

[[package]]
name = "mccabe"
version = "0.7.0"
description = "McCabe checker, plugin for flake8"
optional = false
python-versions = ">=3.6"
groups = ["main", "dev"]
files = [
    {file = "mccabe-0.7.0-py2.py3-none-any.whl", hash = "sha256:6c2d30ab6be0e4a46919781807b4f0d834ebdd6c6e3dca0bda5a15f863427b6e"},
    {file = "mccabe-0.7.0.tar.gz", hash = "sha256:348e0240c33b60bbdf4e523192ef919f28cb2c3d7d5c7794f74009290f236325"},
]

[[package]]
name = "packaging"
version = "24.2"
description = "Core utilities for Python packages"
optional = false
python-versions = ">=3.8"
groups = ["main", "dev"]
files = [
    {file = "packaging-24.2-py3-none-any.whl", hash = "sha256:09abb1bccd265c01f4a3aa3f7a7db064b36514d2cba19a2f694fe6150451a759"},
    {file = "packaging-24.2.tar.gz", hash = "sha256:c228a6dc5e932d346bc5739379109d49e8853dd8223571c7c5b55260edc0b97f"},
]

[[package]]
name = "platformdirs"
version = "4.3.6"
description = "A small Python package for determining appropriate platform-specific dirs, e.g. a `user data dir`."
optional = false
python-versions = ">=3.8"
groups = ["main", "dev"]
files = [
    {file = "platformdirs-4.3.6-py3-none-any.whl", hash = "sha256:73e575e1408ab8103900836b97580d5307456908a03e92031bab39e4554cc3fb"},
    {file = "platformdirs-4.3.6.tar.gz", hash = "sha256:357fb2acbc885b0419afd3ce3ed34564c13c9b95c89360cd9563f73aa5e2b907"},
]

[package.extras]
docs = ["furo (>=2024.8.6)", "proselint (>=0.14)", "sphinx (>=8.0.2)", "sphinx-autodoc-typehints (>=2.4)"]
test = ["appdirs (==1.4.4)", "covdefaults (>=2.3)", "pytest (>=8.3.2)", "pytest-cov (>=5)", "pytest-mock (>=3.14)"]
type = ["mypy (>=1.11.2)"]

[[package]]
name = "pluggy"
version = "1.5.0"
description = "plugin and hook calling mechanisms for python"
optional = false
python-versions = ">=3.8"
groups = ["main", "dev"]
files = [
    {file = "pluggy-1.5.0-py3-none-any.whl", hash = "sha256:44e1ad92c8ca002de6377e165f3e0f1be63266ab4d554740532335b9d75ea669"},
    {file = "pluggy-1.5.0.tar.gz", hash = "sha256:2cffa88e94fdc978c4c574f15f9e59b7f4201d439195c3715ca9e2486f1d0cf1"},
]

[package.extras]
dev = ["pre-commit", "tox"]
testing = ["pytest", "pytest-benchmark"]

[[package]]
name = "pylint"
version = "3.3.4"
description = "python code static checker"
optional = false
python-versions = ">=3.9.0"
groups = ["main", "dev"]
files = [
    {file = "pylint-3.3.4-py3-none-any.whl", hash = "sha256:289e6a1eb27b453b08436478391a48cd53bb0efb824873f949e709350f3de018"},
    {file = "pylint-3.3.4.tar.gz", hash = "sha256:74ae7a38b177e69a9b525d0794bd8183820bfa7eb68cc1bee6e8ed22a42be4ce"},
]

[package.dependencies]
astroid = ">=3.3.8,<=3.4.0-dev0"
colorama = {version = ">=0.4.5", markers = "sys_platform == \"win32\""}
dill = {version = ">=0.3.7", markers = "python_version >= \"3.12\""}
isort = ">=4.2.5,<5.13.0 || >5.13.0,<7"
mccabe = ">=0.6,<0.8"
platformdirs = ">=2.2.0"
tomlkit = ">=0.10.1"

[package.extras]
spelling = ["pyenchant (>=3.2,<4.0)"]
testutils = ["gitpython (>3)"]

[[package]]
name = "pytest"
version = "8.3.4"
description = "pytest: simple powerful testing with Python"
optional = false
python-versions = ">=3.8"
groups = ["main", "dev"]
files = [
    {file = "pytest-8.3.4-py3-none-any.whl", hash = "sha256:50e16d954148559c9a74109af1eaf0c945ba2d8f30f0a3d3335edde19788b6f6"},
    {file = "pytest-8.3.4.tar.gz", hash = "sha256:965370d062bce11e73868e0335abac31b4d3de0e82f4007408d242b4f8610761"},
]

[package.dependencies]
colorama = {version = "*", markers = "sys_platform == \"win32\""}
iniconfig = "*"
packaging = "*"
pluggy = ">=1.5,<2"

[package.extras]
dev = ["argcomplete", "attrs (>=19.2)", "hypothesis (>=3.56)", "mock", "pygments (>=2.7.2)", "requests", "setuptools", "xmlschema"]

[[package]]
name = "ruff"
version = "0.9.4"
description = "An extremely fast Python linter and code formatter, written in Rust."
optional = false
python-versions = ">=3.7"
groups = ["main", "dev"]
files = [
    {file = "ruff-0.9.4-py3-none-linux_armv6l.whl", hash = "sha256:64e73d25b954f71ff100bb70f39f1ee09e880728efb4250c632ceed4e4cdf706"},
    {file = "ruff-0.9.4-py3-none-macosx_10_12_x86_64.whl", hash = "sha256:6ce6743ed64d9afab4fafeaea70d3631b4d4b28b592db21a5c2d1f0ef52934bf"},
    {file = "ruff-0.9.4-py3-none-macosx_11_0_arm64.whl", hash = "sha256:54499fb08408e32b57360f6f9de7157a5fec24ad79cb3f42ef2c3f3f728dfe2b"},
    {file = "ruff-0.9.4-py3-none-manylinux_2_17_aarch64.manylinux2014_aarch64.whl", hash = "sha256:37c892540108314a6f01f105040b5106aeb829fa5fb0561d2dcaf71485021137"},
    {file = "ruff-0.9.4-py3-none-manylinux_2_17_armv7l.manylinux2014_armv7l.whl", hash = "sha256:de9edf2ce4b9ddf43fd93e20ef635a900e25f622f87ed6e3047a664d0e8f810e"},
    {file = "ruff-0.9.4-py3-none-manylinux_2_17_i686.manylinux2014_i686.whl", hash = "sha256:87c90c32357c74f11deb7fbb065126d91771b207bf9bfaaee01277ca59b574ec"},
    {file = "ruff-0.9.4-py3-none-manylinux_2_17_ppc64.manylinux2014_ppc64.whl", hash = "sha256:56acd6c694da3695a7461cc55775f3a409c3815ac467279dfa126061d84b314b"},
    {file = "ruff-0.9.4-py3-none-manylinux_2_17_ppc64le.manylinux2014_ppc64le.whl", hash = "sha256:e0c93e7d47ed951b9394cf352d6695b31498e68fd5782d6cbc282425655f687a"},
    {file = "ruff-0.9.4-py3-none-manylinux_2_17_s390x.manylinux2014_s390x.whl", hash = "sha256:1d4c8772670aecf037d1bf7a07c39106574d143b26cfe5ed1787d2f31e800214"},
    {file = "ruff-0.9.4-py3-none-manylinux_2_17_x86_64.manylinux2014_x86_64.whl", hash = "sha256:bfc5f1d7afeda8d5d37660eeca6d389b142d7f2b5a1ab659d9214ebd0e025231"},
    {file = "ruff-0.9.4-py3-none-musllinux_1_2_aarch64.whl", hash = "sha256:faa935fc00ae854d8b638c16a5f1ce881bc3f67446957dd6f2af440a5fc8526b"},
    {file = "ruff-0.9.4-py3-none-musllinux_1_2_armv7l.whl", hash = "sha256:a6c634fc6f5a0ceae1ab3e13c58183978185d131a29c425e4eaa9f40afe1e6d6"},
    {file = "ruff-0.9.4-py3-none-musllinux_1_2_i686.whl", hash = "sha256:433dedf6ddfdec7f1ac7575ec1eb9844fa60c4c8c2f8887a070672b8d353d34c"},
    {file = "ruff-0.9.4-py3-none-musllinux_1_2_x86_64.whl", hash = "sha256:d612dbd0f3a919a8cc1d12037168bfa536862066808960e0cc901404b77968f0"},
    {file = "ruff-0.9.4-py3-none-win32.whl", hash = "sha256:db1192ddda2200671f9ef61d9597fcef89d934f5d1705e571a93a67fb13a4402"},
    {file = "ruff-0.9.4-py3-none-win_amd64.whl", hash = "sha256:05bebf4cdbe3ef75430d26c375773978950bbf4ee3c95ccb5448940dc092408e"},
    {file = "ruff-0.9.4-py3-none-win_arm64.whl", hash = "sha256:585792f1e81509e38ac5123492f8875fbc36f3ede8185af0a26df348e5154f41"},
    {file = "ruff-0.9.4.tar.gz", hash = "sha256:6907ee3529244bb0ed066683e075f09285b38dd5b4039370df6ff06041ca19e7"},
]

[[package]]
name = "tomlkit"
version = "0.13.2"
description = "Style preserving TOML library"
optional = false
python-versions = ">=3.8"
groups = ["main", "dev"]
files = [
    {file = "tomlkit-0.13.2-py3-none-any.whl", hash = "sha256:7a974427f6e119197f670fbbbeae7bef749a6c14e793db934baefc1b5f03efde"},
    {file = "tomlkit-0.13.2.tar.gz", hash = "sha256:fff5fe59a87295b278abd31bec92c15d9bc4a06885ab12bcea52c71119392e79"},
]

[metadata]
lock-version = "2.1"
python-versions = ">=3.13"
content-hash = "84360f90be48899fc524813df99aaf3996355a3fdb4d05b14e2873b855bfded2"
